
Microsoft Visual Studio Solution File, Format Version 12.00
# Visual Studio 15
VisualStudioVersion = 15.0.27130.2020
MinimumVisualStudioVersion = 10.0.40219.1
Project("{FAE04EC0-301F-11D3-BF4B-00C04F79EFBC}") = "DiceGuessGame", "DiceGuessGame\DiceGuessGame.csproj", "{6F0219AE-920F-4933-A14B-D35F8ED21F5B}"
EndProject
Global
	GlobalSection(SolutionConfigurationPlatforms) = preSolution
		Debug|Any CPU = Debug|Any CPU
		Release|Any CPU = Release|Any CPU
	EndGlobalSection
	GlobalSection(ProjectConfigurationPlatforms) = postSolution
		{6F0219AE-920F-4933-A14B-D35F8ED21F5B}.Debug|Any CPU.ActiveCfg = Debug|Any CPU
		{6F0219AE-920F-4933-A14B-D35F8ED21F5B}.Debug|Any CPU.Build.0 = Debug|Any CPU
		{6F0219AE-920F-4933-A14B-D35F8ED21F5B}.Release|Any CPU.ActiveCfg = Release|Any CPU
		{6F0219AE-920F-4933-A14B-D35F8ED21F5B}.Release|Any CPU.Build.0 = Release|Any CPU
	EndGlobalSection
	GlobalSection(SolutionProperties) = preSolution
		HideSolutionNode = FALSE
	EndGlobalSection
	GlobalSection(ExtensibilityGlobals) = postSolution
		SolutionGuid = {1045FEE5-BDF3-47E5-86C0-0226BDD9FA58}
	EndGlobalSection
EndGlobal
